# THIS IS AN AUTOGENERATED FILE. DO NOT EDIT THIS FILE DIRECTLY.
# yarn lockfile v1


autocomplete-js@^2.7.1:
  version "2.7.1"
  resolved "https://registry.yarnpkg.com/autocomplete-js/-/autocomplete-js-2.7.1.tgz#a954e909e55d8062ad08064ae1a5c82a99caec8e"
  integrity sha512-F+1Sj13zbfpbkprKjtyYiaHgBo6YODzNzWgJjgo/p312AeiZVEn3W+NaRRzVZYqMI0Bm7/W36uanp995eNDy+A==

bulma@^0.7.2:
  version "0.7.2"
  resolved "https://registry.yarnpkg.com/bulma/-/bulma-0.7.2.tgz#8e944377b74c7926558830d38d8e19eaf49f5fb6"
  integrity sha512-6JHEu8U/1xsyOst/El5ImLcZIiE2JFXgvrz8GGWbnDLwTNRPJzdAM0aoUM1Ns0avALcVb6KZz9NhzmU53dGDcQ==

jquery@>=1.2.3, jquery@^3.3.1:
  version "3.3.1"
  resolved "https://registry.yarnpkg.com/jquery/-/jquery-3.3.1.tgz#958ce29e81c9790f31be7792df5d4d95fc57fbca"
  integrity sha512-Ubldcmxp5np52/ENotGxlLe6aGMvmF4R8S6tZjsP6Knsaxd/xp3Zrh50cG93lR6nPXyUFwzN3ZSOQI0wRJNdGg==

list.js@^1.5.0:
  version "1.5.0"
  resolved "https://registry.yarnpkg.com/list.js/-/list.js-1.5.0.tgz#a4cbfc8281ddefc02fdb2d30c8748bfae25fbcda"
  integrity sha1-pMv8goHd78Av2y0wyHSL+uJfvNo=
  dependencies:
    string-natural-compare "^2.0.2"

string-natural-compare@^2.0.2:
  version "2.0.3"
  resolved "https://registry.yarnpkg.com/string-natural-compare/-/string-natural-compare-2.0.3.tgz#9dbe1dd65490a5fe14f7a5c9bc686fc67cb9c6e4"
  integrity sha512-4Kcl12rNjc+6EKhY8QyDVuQTAlMWwRiNbsxnVwBUKFr7dYPQuXVrtNU4sEkjF9LHY0AY6uVbB3ktbkIH4LC+BQ==

timeago@^1.6.3:
  version "1.6.3"
  resolved "https://registry.yarnpkg.com/timeago/-/timeago-1.6.3.tgz#162a1adae99356297df59339837d09f1b0f36465"
  integrity sha512-x97d1X1KsNapWJTgCOOAy/59XagYu2WsDTAH/yvPsWi5bqtGbLPaVZBv3HZ3jTpakHR+JGGyrI9qC0yuvIAvnQ==
  dependencies:
    jquery ">=1.2.3"
